
Microsoft Visual Studio Solution File, Format Version 12.00
# Visual Studio Version 17
VisualStudioVersion = 17.14.36429.23 d17.14
MinimumVisualStudioVersion = 10.0.40219.1
Project("{FAE04EC0-301F-11D3-BF4B-00C04F79EFBC}") = "Advent of Code", "Advent of Code.csproj", "{160E8CDC-EB93-4EDB-A5A1-835FFF64B92F}"
EndProject
Global
	GlobalSection(SolutionConfigurationPlatforms) = preSolution
		Debug|Any CPU = Debug|Any CPU
		Release|Any CPU = Release|Any CPU
	EndGlobalSection
	GlobalSection(ProjectConfigurationPlatforms) = postSolution
		{160E8CDC-EB93-4EDB-A5A1-835FFF64B92F}.Debug|Any CPU.ActiveCfg = Debug|Any CPU
		{160E8CDC-EB93-4EDB-A5A1-835FFF64B92F}.Debug|Any CPU.Build.0 = Debug|Any CPU
		{160E8CDC-EB93-4EDB-A5A1-835FFF64B92F}.Release|Any CPU.ActiveCfg = Release|Any CPU
		{160E8CDC-EB93-4EDB-A5A1-835FFF64B92F}.Release|Any CPU.Build.0 = Release|Any CPU
	EndGlobalSection
	GlobalSection(SolutionProperties) = preSolution
		HideSolutionNode = FALSE
	EndGlobalSection
	GlobalSection(ExtensibilityGlobals) = postSolution
		SolutionGuid = {B90911BC-EA26-47C9-B111-C63AC6A20506}
	EndGlobalSection
EndGlobal
